
Microsoft Visual Studio Solution File, Format Version 12.00
# Visual Studio Version 17
VisualStudioVersion = 17.4.33122.133
MinimumVisualStudioVersion = 10.0.40219.1
Project("{FAE04EC0-301F-11D3-BF4B-00C04F79EFBC}") = "LanguageReimaginer", "LanguageReimaginer.csproj", "{350171C4-2C08-4008-BDB8-6BA7EAA6DD5F}"
EndProject
Global
	GlobalSection(SolutionConfigurationPlatforms) = preSolution
		Debug|Any CPU = Debug|Any CPU
		Release|Any CPU = Release|Any CPU
	EndGlobalSection
	GlobalSection(ProjectConfigurationPlatforms) = postSolution
		{350171C4-2C08-4008-BDB8-6BA7EAA6DD5F}.Debug|Any CPU.ActiveCfg = Debug|Any CPU
		{350171C4-2C08-4008-BDB8-6BA7EAA6DD5F}.Debug|Any CPU.Build.0 = Debug|Any CPU
		{350171C4-2C08-4008-BDB8-6BA7EAA6DD5F}.Release|Any CPU.ActiveCfg = Release|Any CPU
		{350171C4-2C08-4008-BDB8-6BA7EAA6DD5F}.Release|Any CPU.Build.0 = Release|Any CPU
	EndGlobalSection
	GlobalSection(SolutionProperties) = preSolution
		HideSolutionNode = FALSE
	EndGlobalSection
	GlobalSection(ExtensibilityGlobals) = postSolution
		SolutionGuid = {B79396C0-DD1F-4B83-B7B4-32FBBB1E7490}
	EndGlobalSection
EndGlobal
