
Microsoft Visual Studio Solution File, Format Version 12.00
# Visual Studio Version 17
VisualStudioVersion = 17.4.33122.133
MinimumVisualStudioVersion = 10.0.40219.1
Project("{9A19103F-16F7-4668-BE54-9A1E7A4F7556}") = "PLGL", "PLGL.csproj", "{350171C4-2C08-4008-BDB8-6BA7EAA6DD5F}"
EndProject
Project("{9A19103F-16F7-4668-BE54-9A1E7A4F7556}") = "LanguageTester", "..\LanguageTester\LanguageTester.csproj", "{532FE7A6-12E6-48E1-81CE-143E4A2826E3}"
EndProject
Project("{2150E333-8FDC-42A3-9474-1A3956D46DE8}") = "Solution Items", "Solution Items", "{8A19DE89-1817-4409-98E7-CBA45972DBBD}"
	ProjectSection(SolutionItems) = preProject
		.editorconfig = .editorconfig
	EndProjectSection
EndProject
Global
	GlobalSection(SolutionConfigurationPlatforms) = preSolution
		Debug|Any CPU = Debug|Any CPU
		Release|Any CPU = Release|Any CPU
	EndGlobalSection
	GlobalSection(ProjectConfigurationPlatforms) = postSolution
		{350171C4-2C08-4008-BDB8-6BA7EAA6DD5F}.Debug|Any CPU.ActiveCfg = Debug|Any CPU
		{350171C4-2C08-4008-BDB8-6BA7EAA6DD5F}.Debug|Any CPU.Build.0 = Debug|Any CPU
		{350171C4-2C08-4008-BDB8-6BA7EAA6DD5F}.Release|Any CPU.ActiveCfg = Release|Any CPU
		{350171C4-2C08-4008-BDB8-6BA7EAA6DD5F}.Release|Any CPU.Build.0 = Release|Any CPU
		{532FE7A6-12E6-48E1-81CE-143E4A2826E3}.Debug|Any CPU.ActiveCfg = Debug|Any CPU
		{532FE7A6-12E6-48E1-81CE-143E4A2826E3}.Debug|Any CPU.Build.0 = Debug|Any CPU
		{532FE7A6-12E6-48E1-81CE-143E4A2826E3}.Release|Any CPU.ActiveCfg = Release|Any CPU
		{532FE7A6-12E6-48E1-81CE-143E4A2826E3}.Release|Any CPU.Build.0 = Release|Any CPU
	EndGlobalSection
	GlobalSection(SolutionProperties) = preSolution
		HideSolutionNode = FALSE
	EndGlobalSection
	GlobalSection(ExtensibilityGlobals) = postSolution
		SolutionGuid = {B79396C0-DD1F-4B83-B7B4-32FBBB1E7490}
	EndGlobalSection
EndGlobal
